{
  "requires": true,
  "lockfileVersion": 1,
  "dependencies": {
    "opencollective-postinstall": {
      "version": "2.0.3",
      "resolved": "https://registry.npmjs.org/opencollective-postinstall/-/opencollective-postinstall-2.0.3.tgz",
      "integrity": "sha512-8AV/sCtuzUeTo8gQK5qDZzARrulB3egtLzFgteqB2tcT4Mw7B8Kt7JcDHmltjz6FOAHsvTevk70gZEbhM4ZS9Q=="
    },
    "vue-ls": {
      "version": "4.2.0",
      "resolved": "https://registry.npmjs.org/vue-ls/-/vue-ls-4.2.0.tgz",
      "integrity": "sha512-aEQvaFzIH6A0u0in4ghsxiqMgXNxf2+mtgOW8BaiLM6f3gTfvJMjZBjSrycDgdde7P5VfXOqLFGk4+Tf0Mre6Q==",
      "requires": {
        "opencollective-postinstall": "^2.0.2"
      }
    }
  }
}
